
Microsoft Visual Studio Solution File, Format Version 12.00
# Visual Studio Version 16
VisualStudioVersion = 16.0.29519.181
MinimumVisualStudioVersion = 10.0.40219.1
Project("{FAE04EC0-301F-11D3-BF4B-00C04F79EFBC}") = "StrutturaDatiN4", "StrutturaDatiN4\StrutturaDatiN4.csproj", "{8594E7C3-662F-43E1-96C9-7A4AFE91D486}"
EndProject
Global
	GlobalSection(SolutionConfigurationPlatforms) = preSolution
		Debug|Any CPU = Debug|Any CPU
		Release|Any CPU = Release|Any CPU
	EndGlobalSection
	GlobalSection(ProjectConfigurationPlatforms) = postSolution
		{8594E7C3-662F-43E1-96C9-7A4AFE91D486}.Debug|Any CPU.ActiveCfg = Debug|Any CPU
		{8594E7C3-662F-43E1-96C9-7A4AFE91D486}.Debug|Any CPU.Build.0 = Debug|Any CPU
		{8594E7C3-662F-43E1-96C9-7A4AFE91D486}.Release|Any CPU.ActiveCfg = Release|Any CPU
		{8594E7C3-662F-43E1-96C9-7A4AFE91D486}.Release|Any CPU.Build.0 = Release|Any CPU
	EndGlobalSection
	GlobalSection(SolutionProperties) = preSolution
		HideSolutionNode = FALSE
	EndGlobalSection
	GlobalSection(ExtensibilityGlobals) = postSolution
		SolutionGuid = {EE0E7DFA-C9C9-45D9-82D2-C6B24DF189F9}
	EndGlobalSection
EndGlobal
